// !$*UTF8*$!
{
	archiveVersion = 1;
	classes = {
	};
	objectVersion = 46;
	objects = {

/* Begin PBXBuildFile section */
		9DB211CD1A0337CC002D041E /* NSMutableString+Line.m in Sources */ = {isa = PBXBuildFile; fileRef = 9DB211CC1A0337CC002D041E /* NSMutableString+Line.m */; };
		9DB5C25D19F50F81008DEAFA /* main.m in Sources */ = {isa = PBXBuildFile; fileRef = 9DB5C25C19F50F81008DEAFA /* main.m */; };
		9DB5C26019F50F81008DEAFA /* AppDelegate.m in Sources */ = {isa = PBXBuildFile; fileRef = 9DB5C25F19F50F81008DEAFA /* AppDelegate.m */; };
		9DB5C26319F50F81008DEAFA /* ViewController.m in Sources */ = {isa = PBXBuildFile; fileRef = 9DB5C26219F50F81008DEAFA /* ViewController.m */; };
		9DB5C26619F50F81008DEAFA /* Main.storyboard in Resources */ = {isa = PBXBuildFile; fileRef = 9DB5C26419F50F81008DEAFA /* Main.storyboard */; };
		9DB5C26819F50F81008DEAFA /* Images.xcassets in Resources */ = {isa = PBXBuildFile; fileRef = 9DB5C26719F50F81008DEAFA /* Images.xcassets */; };
		9DB5C26B19F50F81008DEAFA /* LaunchScreen.xib in Resources */ = {isa = PBXBuildFile; fileRef = 9DB5C26919F50F81008DEAFA /* LaunchScreen.xib */; };
		9DB5C27719F50F81008DEAFA /* SelfHouseAssistantTests.m in Sources */ = {isa = PBXBuildFile; fileRef = 9DB5C27619F50F81008DEAFA /* SelfHouseAssistantTests.m */; };
		9DB5C28319F52DE7008DEAFA /* InputTableViewController.m in Sources */ = {isa = PBXBuildFile; fileRef = 9DB5C28219F52DE7008DEAFA /* InputTableViewController.m */; };
		9DB5C28619F52FDA008DEAFA /* LandPriceViewController.m in Sources */ = {isa = PBXBuildFile; fileRef = 9DB5C28519F52FDA008DEAFA /* LandPriceViewController.m */; };
		9DB5C28919F539E3008DEAFA /* LoanViewController.m in Sources */ = {isa = PBXBuildFile; fileRef = 9DB5C28819F539E3008DEAFA /* LoanViewController.m */; };
		9DB5C28E19F53AC6008DEAFA /* LoanObject.m in Sources */ = {isa = PBXBuildFile; fileRef = 9DB5C28D19F53AC6008DEAFA /* LoanObject.m */; };
		9DB5C29119F53AE2008DEAFA /* LandObject.m in Sources */ = {isa = PBXBuildFile; fileRef = 9DB5C29019F53AE2008DEAFA /* LandObject.m */; };
		9DB5C29419F678EF008DEAFA /* LoanCell.m in Sources */ = {isa = PBXBuildFile; fileRef = 9DB5C29319F678EF008DEAFA /* LoanCell.m */; };
		9DB5C29919F67D41008DEAFA /* LandCell.m in Sources */ = {isa = PBXBuildFile; fileRef = 9DB5C29819F67D41008DEAFA /* LandCell.m */; };
		9DB5C30E19F8E390008DEAFA /* Calculator.m in Sources */ = {isa = PBXBuildFile; fileRef = 9DB5C30D19F8E390008DEAFA /* Calculator.m */; };
		9DB5C34619F9E694008DEAFA /* CalculateDetailViewController.m in Sources */ = {isa = PBXBuildFile; fileRef = 9DB5C34519F9E693008DEAFA /* CalculateDetailViewController.m */; };
/* End PBXBuildFile section */

/* Begin PBXContainerItemProxy section */
		9DB5C27119F50F81008DEAFA /* PBXContainerItemProxy */ = {
			isa = PBXContainerItemProxy;
			containerPortal = 9DB5C24F19F50F81008DEAFA /* Project object */;
			proxyType = 1;
			remoteGlobalIDString = 9DB5C25619F50F81008DEAFA;
			remoteInfo = SelfHouseAssistant;
		};
/* End PBXContainerItemProxy section */

/* Begin PBXFileReference section */
		9DB211CB1A0337CC002D041E /* NSMutableString+Line.h */ = {isa = PBXFileReference; fileEncoding = 4; lastKnownFileType = sourcecode.c.h; name = "NSMutableString+Line.h"; path = "SelfHouseAssistant/Utility/Extension/NSMutableString+Line.h"; sourceTree = "<group>"; };
		9DB211CC1A0337CC002D041E /* NSMutableString+Line.m */ = {isa = PBXFileReference; fileEncoding = 4; lastKnownFileType = sourcecode.c.objc; name = "NSMutableString+Line.m"; path = "SelfHouseAssistant/Utility/Extension/NSMutableString+Line.m"; sourceTree = "<group>"; };
		9DB5C25719F50F81008DEAFA /* SelfHouseAssistant.app */ = {isa = PBXFileReference; explicitFileType = wrapper.application; includeInIndex = 0; path = SelfHouseAssistant.app; sourceTree = BUILT_PRODUCTS_DIR; };
		9DB5C25B19F50F81008DEAFA /* Info.plist */ = {isa = PBXFileReference; lastKnownFileType = text.plist.xml; path = Info.plist; sourceTree = "<group>"; };
		9DB5C25C19F50F81008DEAFA /* main.m */ = {isa = PBXFileReference; lastKnownFileType = sourcecode.c.objc; path = main.m; sourceTree = "<group>"; };
		9DB5C25E19F50F81008DEAFA /* AppDelegate.h */ = {isa = PBXFileReference; lastKnownFileType = sourcecode.c.h; path = AppDelegate.h; sourceTree = "<group>"; };
		9DB5C25F19F50F81008DEAFA /* AppDelegate.m */ = {isa = PBXFileReference; lastKnownFileType = sourcecode.c.objc; path = AppDelegate.m; sourceTree = "<group>"; };
		9DB5C26119F50F81008DEAFA /* ViewController.h */ = {isa = PBXFileReference; lastKnownFileType = sourcecode.c.h; path = ViewController.h; sourceTree = "<group>"; };
		9DB5C26219F50F81008DEAFA /* ViewController.m */ = {isa = PBXFileReference; lastKnownFileType = sourcecode.c.objc; path = ViewController.m; sourceTree = "<group>"; };
		9DB5C26519F50F81008DEAFA /* Base */ = {isa = PBXFileReference; lastKnownFileType = file.storyboard; name = Base; path = Base.lproj/Main.storyboard; sourceTree = "<group>"; };
		9DB5C26719F50F81008DEAFA /* Images.xcassets */ = {isa = PBXFileReference; lastKnownFileType = folder.assetcatalog; path = Images.xcassets; sourceTree = "<group>"; };
		9DB5C26A19F50F81008DEAFA /* Base */ = {isa = PBXFileReference; lastKnownFileType = file.xib; name = Base; path = Base.lproj/LaunchScreen.xib; sourceTree = "<group>"; };
		9DB5C27019F50F81008DEAFA /* SelfHouseAssistantTests.xctest */ = {isa = PBXFileReference; explicitFileType = wrapper.cfbundle; includeInIndex = 0; path = SelfHouseAssistantTests.xctest; sourceTree = BUILT_PRODUCTS_DIR; };
		9DB5C27519F50F81008DEAFA /* Info.plist */ = {isa = PBXFileReference; lastKnownFileType = text.plist.xml; path = Info.plist; sourceTree = "<group>"; };
		9DB5C27619F50F81008DEAFA /* SelfHouseAssistantTests.m */ = {isa = PBXFileReference; lastKnownFileType = sourcecode.c.objc; path = SelfHouseAssistantTests.m; sourceTree = "<group>"; };
		9DB5C28119F52DE7008DEAFA /* InputTableViewController.h */ = {isa = PBXFileReference; fileEncoding = 4; lastKnownFileType = sourcecode.c.h; name = InputTableViewController.h; path = SelfHouseAssistant/ViewController/InputTableViewController.h; sourceTree = "<group>"; };
		9DB5C28219F52DE7008DEAFA /* InputTableViewController.m */ = {isa = PBXFileReference; fileEncoding = 4; lastKnownFileType = sourcecode.c.objc; name = InputTableViewController.m; path = SelfHouseAssistant/ViewController/InputTableViewController.m; sourceTree = "<group>"; };
		9DB5C28419F52FDA008DEAFA /* LandPriceViewController.h */ = {isa = PBXFileReference; fileEncoding = 4; lastKnownFileType = sourcecode.c.h; name = LandPriceViewController.h; path = SelfHouseAssistant/ViewController/LandPriceViewController.h; sourceTree = "<group>"; };
		9DB5C28519F52FDA008DEAFA /* LandPriceViewController.m */ = {isa = PBXFileReference; fileEncoding = 4; lastKnownFileType = sourcecode.c.objc; name = LandPriceViewController.m; path = SelfHouseAssistant/ViewController/LandPriceViewController.m; sourceTree = "<group>"; };
		9DB5C28719F539E3008DEAFA /* LoanViewController.h */ = {isa = PBXFileReference; fileEncoding = 4; lastKnownFileType = sourcecode.c.h; name = LoanViewController.h; path = SelfHouseAssistant/ViewController/LoanViewController.h; sourceTree = "<group>"; };
		9DB5C28819F539E3008DEAFA /* LoanViewController.m */ = {isa = PBXFileReference; fileEncoding = 4; lastKnownFileType = sourcecode.c.objc; name = LoanViewController.m; path = SelfHouseAssistant/ViewController/LoanViewController.m; sourceTree = "<group>"; };
		9DB5C28C19F53AC6008DEAFA /* LoanObject.h */ = {isa = PBXFileReference; fileEncoding = 4; lastKnownFileType = sourcecode.c.h; name = LoanObject.h; path = SelfHouseAssistant/Model/LoanObject.h; sourceTree = "<group>"; };
		9DB5C28D19F53AC6008DEAFA /* LoanObject.m */ = {isa = PBXFileReference; fileEncoding = 4; lastKnownFileType = sourcecode.c.objc; name = LoanObject.m; path = SelfHouseAssistant/Model/LoanObject.m; sourceTree = "<group>"; };
		9DB5C28F19F53AE2008DEAFA /* LandObject.h */ = {isa = PBXFileReference; fileEncoding = 4; lastKnownFileType = sourcecode.c.h; name = LandObject.h; path = SelfHouseAssistant/Model/LandObject.h; sourceTree = "<group>"; };
		9DB5C29019F53AE2008DEAFA /* LandObject.m */ = {isa = PBXFileReference; fileEncoding = 4; lastKnownFileType = sourcecode.c.objc; name = LandObject.m; path = SelfHouseAssistant/Model/LandObject.m; sourceTree = "<group>"; };
		9DB5C29219F678EF008DEAFA /* LoanCell.h */ = {isa = PBXFileReference; fileEncoding = 4; lastKnownFileType = sourcecode.c.h; name = LoanCell.h; path = SelfHouseAssistant/View/Cell/LoanCell.h; sourceTree = "<group>"; };
		9DB5C29319F678EF008DEAFA /* LoanCell.m */ = {isa = PBXFileReference; fileEncoding = 4; lastKnownFileType = sourcecode.c.objc; name = LoanCell.m; path = SelfHouseAssistant/View/Cell/LoanCell.m; sourceTree = "<group>"; };
		9DB5C29719F67D41008DEAFA /* LandCell.h */ = {isa = PBXFileReference; fileEncoding = 4; lastKnownFileType = sourcecode.c.h; name = LandCell.h; path = SelfHouseAssistant/View/Cell/LandCell.h; sourceTree = "<group>"; };
		9DB5C29819F67D41008DEAFA /* LandCell.m */ = {isa = PBXFileReference; fileEncoding = 4; lastKnownFileType = sourcecode.c.objc; name = LandCell.m; path = SelfHouseAssistant/View/Cell/LandCell.m; sourceTree = "<group>"; };
		9DB5C30C19F8E390008DEAFA /* Calculator.h */ = {isa = PBXFileReference; fileEncoding = 4; lastKnownFileType = sourcecode.c.h; name = Calculator.h; path = SelfHouseAssistant/Model/Calculator.h; sourceTree = "<group>"; };
		9DB5C30D19F8E390008DEAFA /* Calculator.m */ = {isa = PBXFileReference; fileEncoding = 4; lastKnownFileType = sourcecode.c.objc; name = Calculator.m; path = SelfHouseAssistant/Model/Calculator.m; sourceTree = "<group>"; };
		9DB5C34419F9E693008DEAFA /* CalculateDetailViewController.h */ = {isa = PBXFileReference; fileEncoding = 4; lastKnownFileType = sourcecode.c.h; name = CalculateDetailViewController.h; path = SelfHouseAssistant/ViewController/CalculateDetailViewController.h; sourceTree = "<group>"; };
		9DB5C34519F9E693008DEAFA /* CalculateDetailViewController.m */ = {isa = PBXFileReference; fileEncoding = 4; lastKnownFileType = sourcecode.c.objc; name = CalculateDetailViewController.m; path = SelfHouseAssistant/ViewController/CalculateDetailViewController.m; sourceTree = "<group>"; };
/* End PBXFileReference section */

/* Begin PBXFrameworksBuildPhase section */
		9DB5C25419F50F81008DEAFA /* Frameworks */ = {
			isa = PBXFrameworksBuildPhase;
			buildActionMask = 2147483647;
			files = (
			);
			runOnlyForDeploymentPostprocessing = 0;
		};
		9DB5C26D19F50F81008DEAFA /* Frameworks */ = {
			isa = PBXFrameworksBuildPhase;
			buildActionMask = 2147483647;
			files = (
			);
			runOnlyForDeploymentPostprocessing = 0;
		};
/* End PBXFrameworksBuildPhase section */

/* Begin PBXGroup section */
		9DB211C91A033742002D041E /* Utility */ = {
			isa = PBXGroup;
			children = (
				9DB211CA1A033778002D041E /* Extenstion */,
			);
			name = Utility;
			sourceTree = "<group>";
		};
		9DB211CA1A033778002D041E /* Extenstion */ = {
			isa = PBXGroup;
			children = (
				9DB211CB1A0337CC002D041E /* NSMutableString+Line.h */,
				9DB211CC1A0337CC002D041E /* NSMutableString+Line.m */,
			);
			name = Extenstion;
			sourceTree = "<group>";
		};
		9DB5C24E19F50F81008DEAFA = {
			isa = PBXGroup;
			children = (
				9DB211C91A033742002D041E /* Utility */,
				9DB5C29519F678F4008DEAFA /* UIView */,
				9DB5C28A19F53A4E008DEAFA /* Model */,
				9DB5C28019F51934008DEAFA /* ViewController */,
				9DB5C25919F50F81008DEAFA /* SelfHouseAssistant */,
				9DB5C27319F50F81008DEAFA /* SelfHouseAssistantTests */,
				9DB5C25819F50F81008DEAFA /* Products */,
			);
			sourceTree = "<group>";
		};
		9DB5C25819F50F81008DEAFA /* Products */ = {
			isa = PBXGroup;
			children = (
				9DB5C25719F50F81008DEAFA /* SelfHouseAssistant.app */,
				9DB5C27019F50F81008DEAFA /* SelfHouseAssistantTests.xctest */,
			);
			name = Products;
			sourceTree = "<group>";
		};
		9DB5C25919F50F81008DEAFA /* SelfHouseAssistant */ = {
			isa = PBXGroup;
			children = (
				9DB5C25E19F50F81008DEAFA /* AppDelegate.h */,
				9DB5C25F19F50F81008DEAFA /* AppDelegate.m */,
				9DB5C26119F50F81008DEAFA /* ViewController.h */,
				9DB5C26219F50F81008DEAFA /* ViewController.m */,
				9DB5C26419F50F81008DEAFA /* Main.storyboard */,
				9DB5C26719F50F81008DEAFA /* Images.xcassets */,
				9DB5C26919F50F81008DEAFA /* LaunchScreen.xib */,
				9DB5C25A19F50F81008DEAFA /* Supporting Files */,
			);
			path = SelfHouseAssistant;
			sourceTree = "<group>";
		};
		9DB5C25A19F50F81008DEAFA /* Supporting Files */ = {
			isa = PBXGroup;
			children = (
				9DB5C25B19F50F81008DEAFA /* Info.plist */,
				9DB5C25C19F50F81008DEAFA /* main.m */,
			);
			name = "Supporting Files";
			sourceTree = "<group>";
		};
		9DB5C27319F50F81008DEAFA /* SelfHouseAssistantTests */ = {
			isa = PBXGroup;
			children = (
				9DB5C27619F50F81008DEAFA /* SelfHouseAssistantTests.m */,
				9DB5C27419F50F81008DEAFA /* Supporting Files */,
			);
			path = SelfHouseAssistantTests;
			sourceTree = "<group>";
		};
		9DB5C27419F50F81008DEAFA /* Supporting Files */ = {
			isa = PBXGroup;
			children = (
				9DB5C27519F50F81008DEAFA /* Info.plist */,
			);
			name = "Supporting Files";
			sourceTree = "<group>";
		};
		9DB5C28019F51934008DEAFA /* ViewController */ = {
			isa = PBXGroup;
			children = (
				9DB5C28119F52DE7008DEAFA /* InputTableViewController.h */,
				9DB5C28219F52DE7008DEAFA /* InputTableViewController.m */,
				9DB5C28419F52FDA008DEAFA /* LandPriceViewController.h */,
				9DB5C28519F52FDA008DEAFA /* LandPriceViewController.m */,
				9DB5C28719F539E3008DEAFA /* LoanViewController.h */,
				9DB5C28819F539E3008DEAFA /* LoanViewController.m */,
				9DB5C34419F9E693008DEAFA /* CalculateDetailViewController.h */,
				9DB5C34519F9E693008DEAFA /* CalculateDetailViewController.m */,
			);
			name = ViewController;
			sourceTree = "<group>";
		};
		9DB5C28A19F53A4E008DEAFA /* Model */ = {
			isa = PBXGroup;
			children = (
				9DB5C28C19F53AC6008DEAFA /* LoanObject.h */,
				9DB5C28D19F53AC6008DEAFA /* LoanObject.m */,
				9DB5C28F19F53AE2008DEAFA /* LandObject.h */,
				9DB5C29019F53AE2008DEAFA /* LandObject.m */,
				9DB5C30C19F8E390008DEAFA /* Calculator.h */,
				9DB5C30D19F8E390008DEAFA /* Calculator.m */,
			);
			name = Model;
			sourceTree = "<group>";
		};
		9DB5C29519F678F4008DEAFA /* UIView */ = {
			isa = PBXGroup;
			children = (
				9DB5C29619F678F9008DEAFA /* Cell */,
			);
			name = UIView;
			sourceTree = "<group>";
		};
		9DB5C29619F678F9008DEAFA /* Cell */ = {
			isa = PBXGroup;
			children = (
				9DB5C29219F678EF008DEAFA /* LoanCell.h */,
				9DB5C29319F678EF008DEAFA /* LoanCell.m */,
				9DB5C29719F67D41008DEAFA /* LandCell.h */,
				9DB5C29819F67D41008DEAFA /* LandCell.m */,
			);
			name = Cell;
			sourceTree = "<group>";
		};
/* End PBXGroup section */

/* Begin PBXNativeTarget section */
		9DB5C25619F50F81008DEAFA /* SelfHouseAssistant */ = {
			isa = PBXNativeTarget;
			buildConfigurationList = 9DB5C27A19F50F81008DEAFA /* Build configuration list for PBXNativeTarget "SelfHouseAssistant" */;
			buildPhases = (
				9DB5C25319F50F81008DEAFA /* Sources */,
				9DB5C25419F50F81008DEAFA /* Frameworks */,
				9DB5C25519F50F81008DEAFA /* Resources */,
			);
			buildRules = (
			);
			dependencies = (
			);
			name = SelfHouseAssistant;
			productName = SelfHouseAssistant;
			productReference = 9DB5C25719F50F81008DEAFA /* SelfHouseAssistant.app */;
			productType = "com.apple.product-type.application";
		};
		9DB5C26F19F50F81008DEAFA /* SelfHouseAssistantTests */ = {
			isa = PBXNativeTarget;
			buildConfigurationList = 9DB5C27D19F50F81008DEAFA /* Build configuration list for PBXNativeTarget "SelfHouseAssistantTests" */;
			buildPhases = (
				9DB5C26C19F50F81008DEAFA /* Sources */,
				9DB5C26D19F50F81008DEAFA /* Frameworks */,
				9DB5C26E19F50F81008DEAFA /* Resources */,
			);
			buildRules = (
			);
			dependencies = (
				9DB5C27219F50F81008DEAFA /* PBXTargetDependency */,
			);
			name = SelfHouseAssistantTests;
			productName = SelfHouseAssistantTests;
			productReference = 9DB5C27019F50F81008DEAFA /* SelfHouseAssistantTests.xctest */;
			productType = "com.apple.product-type.bundle.unit-test";
		};
/* End PBXNativeTarget section */

/* Begin PBXProject section */
		9DB5C24F19F50F81008DEAFA /* Project object */ = {
			isa = PBXProject;
			attributes = {
				LastUpgradeCheck = 0600;
				ORGANIZATIONNAME = voole;
				TargetAttributes = {
					9DB5C25619F50F81008DEAFA = {
						CreatedOnToolsVersion = 6.0.1;
					};
					9DB5C26F19F50F81008DEAFA = {
						CreatedOnToolsVersion = 6.0.1;
						TestTargetID = 9DB5C25619F50F81008DEAFA;
					};
				};
			};
			buildConfigurationList = 9DB5C25219F50F81008DEAFA /* Build configuration list for PBXProject "SelfHouseAssistant" */;
			compatibilityVersion = "Xcode 3.2";
			developmentRegion = English;
			hasScannedForEncodings = 0;
			knownRegions = (
				en,
				Base,
			);
			mainGroup = 9DB5C24E19F50F81008DEAFA;
			productRefGroup = 9DB5C25819F50F81008DEAFA /* Products */;
			projectDirPath = "";
			projectRoot = "";
			targets = (
				9DB5C25619F50F81008DEAFA /* SelfHouseAssistant */,
				9DB5C26F19F50F81008DEAFA /* SelfHouseAssistantTests */,
			);
		};
/* End PBXProject section */

/* Begin PBXResourcesBuildPhase section */
		9DB5C25519F50F81008DEAFA /* Resources */ = {
			isa = PBXResourcesBuildPhase;
			buildActionMask = 2147483647;
			files = (
				9DB5C26619F50F81008DEAFA /* Main.storyboard in Resources */,
				9DB5C26B19F50F81008DEAFA /* LaunchScreen.xib in Resources */,
				9DB5C26819F50F81008DEAFA /* Images.xcassets in Resources */,
			);
			runOnlyForDeploymentPostprocessing = 0;
		};
		9DB5C26E19F50F81008DEAFA /* Resources */ = {
			isa = PBXResourcesBuildPhase;
			buildActionMask = 2147483647;
			files = (
			);
			runOnlyForDeploymentPostprocessing = 0;
		};
/* End PBXResourcesBuildPhase section */

/* Begin PBXSourcesBuildPhase section */
		9DB5C25319F50F81008DEAFA /* Sources */ = {
			isa = PBXSourcesBuildPhase;
			buildActionMask = 2147483647;
			files = (
				9DB5C29919F67D41008DEAFA /* LandCell.m in Sources */,
				9DB5C28919F539E3008DEAFA /* LoanViewController.m in Sources */,
				9DB5C28319F52DE7008DEAFA /* InputTableViewController.m in Sources */,
				9DB5C28619F52FDA008DEAFA /* LandPriceViewController.m in Sources */,
				9DB5C29419F678EF008DEAFA /* LoanCell.m in Sources */,
				9DB5C26319F50F81008DEAFA /* ViewController.m in Sources */,
				9DB5C28E19F53AC6008DEAFA /* LoanObject.m in Sources */,
				9DB5C30E19F8E390008DEAFA /* Calculator.m in Sources */,
				9DB5C29119F53AE2008DEAFA /* LandObject.m in Sources */,
				9DB211CD1A0337CC002D041E /* NSMutableString+Line.m in Sources */,
				9DB5C26019F50F81008DEAFA /* AppDelegate.m in Sources */,
				9DB5C34619F9E694008DEAFA /* CalculateDetailViewController.m in Sources */,
				9DB5C25D19F50F81008DEAFA /* main.m in Sources */,
			);
			runOnlyForDeploymentPostprocessing = 0;
		};
		9DB5C26C19F50F81008DEAFA /* Sources */ = {
			isa = PBXSourcesBuildPhase;
			buildActionMask = 2147483647;
			files = (
				9DB5C27719F50F81008DEAFA /* SelfHouseAssistantTests.m in Sources */,
			);
			runOnlyForDeploymentPostprocessing = 0;
		};
/* End PBXSourcesBuildPhase section */

/* Begin PBXTargetDependency section */
		9DB5C27219F50F81008DEAFA /* PBXTargetDependency */ = {
			isa = PBXTargetDependency;
			target = 9DB5C25619F50F81008DEAFA /* SelfHouseAssistant */;
			targetProxy = 9DB5C27119F50F81008DEAFA /* PBXContainerItemProxy */;
		};
/* End PBXTargetDependency section */

/* Begin PBXVariantGroup section */
		9DB5C26419F50F81008DEAFA /* Main.storyboard */ = {
			isa = PBXVariantGroup;
			children = (
				9DB5C26519F50F81008DEAFA /* Base */,
			);
			name = Main.storyboard;
			sourceTree = "<group>";
		};
		9DB5C26919F50F81008DEAFA /* LaunchScreen.xib */ = {
			isa = PBXVariantGroup;
			children = (
				9DB5C26A19F50F81008DEAFA /* Base */,
			);
			name = LaunchScreen.xib;
			sourceTree = "<group>";
		};
/* End PBXVariantGroup section */

/* Begin XCBuildConfiguration section */
		9DB5C27819F50F81008DEAFA /* Debug */ = {
			isa = XCBuildConfiguration;
			buildSettings = {
				ALWAYS_SEARCH_USER_PATHS = NO;
				CLANG_CXX_LANGUAGE_STANDARD = "gnu++0x";
				CLANG_CXX_LIBRARY = "libc++";
				CLANG_ENABLE_MODULES = YES;
				CLANG_ENABLE_OBJC_ARC = YES;
				CLANG_WARN_BOOL_CONVERSION = YES;
				CLANG_WARN_CONSTANT_CONVERSION = YES;
				CLANG_WARN_DIRECT_OBJC_ISA_USAGE = YES_ERROR;
				CLANG_WARN_EMPTY_BODY = YES;
				CLANG_WARN_ENUM_CONVERSION = YES;
				CLANG_WARN_INT_CONVERSION = YES;
				CLANG_WARN_OBJC_ROOT_CLASS = YES_ERROR;
				CLANG_WARN_UNREACHABLE_CODE = YES;
				CLANG_WARN__DUPLICATE_METHOD_MATCH = YES;
				"CODE_SIGN_IDENTITY[sdk=iphoneos*]" = "iPhone Developer";
				COPY_PHASE_STRIP = NO;
				ENABLE_STRICT_OBJC_MSGSEND = YES;
				GCC_C_LANGUAGE_STANDARD = gnu99;
				GCC_DYNAMIC_NO_PIC = NO;
				GCC_OPTIMIZATION_LEVEL = 0;
				GCC_PREPROCESSOR_DEFINITIONS = (
					"DEBUG=1",
					"$(inherited)",
				);
				GCC_SYMBOLS_PRIVATE_EXTERN = NO;
				GCC_WARN_64_TO_32_BIT_CONVERSION = YES;
				GCC_WARN_ABOUT_RETURN_TYPE = YES_ERROR;
				GCC_WARN_UNDECLARED_SELECTOR = YES;
				GCC_WARN_UNINITIALIZED_AUTOS = YES_AGGRESSIVE;
				GCC_WARN_UNUSED_FUNCTION = YES;
				GCC_WARN_UNUSED_VARIABLE = YES;
				IPHONEOS_DEPLOYMENT_TARGET = 8.0;
				MTL_ENABLE_DEBUG_INFO = YES;
				ONLY_ACTIVE_ARCH = YES;
				SDKROOT = iphoneos;
			};
			name = Debug;
		};
		9DB5C27919F50F81008DEAFA /* Release */ = {
			isa = XCBuildConfiguration;
			buildSettings = {
				ALWAYS_SEARCH_USER_PATHS = NO;
				CLANG_CXX_LANGUAGE_STANDARD = "gnu++0x";
				CLANG_CXX_LIBRARY = "libc++";
				CLANG_ENABLE_MODULES = YES;
				CLANG_ENABLE_OBJC_ARC = YES;
				CLANG_WARN_BOOL_CONVERSION = YES;
				CLANG_WARN_CONSTANT_CONVERSION = YES;
				CLANG_WARN_DIRECT_OBJC_ISA_USAGE = YES_ERROR;
				CLANG_WARN_EMPTY_BODY = YES;
				CLANG_WARN_ENUM_CONVERSION = YES;
				CLANG_WARN_INT_CONVERSION = YES;
				CLANG_WARN_OBJC_ROOT_CLASS = YES_ERROR;
				CLANG_WARN_UNREACHABLE_CODE = YES;
				CLANG_WARN__DUPLICATE_METHOD_MATCH = YES;
				"CODE_SIGN_IDENTITY[sdk=iphoneos*]" = "iPhone Developer";
				COPY_PHASE_STRIP = YES;
				ENABLE_NS_ASSERTIONS = NO;
				ENABLE_STRICT_OBJC_MSGSEND = YES;
				GCC_C_LANGUAGE_STANDARD = gnu99;
				GCC_WARN_64_TO_32_BIT_CONVERSION = YES;
				GCC_WARN_ABOUT_RETURN_TYPE = YES_ERROR;
				GCC_WARN_UNDECLARED_SELECTOR = YES;
				GCC_WARN_UNINITIALIZED_AUTOS = YES_AGGRESSIVE;
				GCC_WARN_UNUSED_FUNCTION = YES;
				GCC_WARN_UNUSED_VARIABLE = YES;
				IPHONEOS_DEPLOYMENT_TARGET = 8.0;
				MTL_ENABLE_DEBUG_INFO = NO;
				SDKROOT = iphoneos;
				VALIDATE_PRODUCT = YES;
			};
			name = Release;
		};
		9DB5C27B19F50F81008DEAFA /* Debug */ = {
			isa = XCBuildConfiguration;
			buildSettings = {
				ASSETCATALOG_COMPILER_APPICON_NAME = AppIcon;
				INFOPLIST_FILE = SelfHouseAssistant/Info.plist;
				IPHONEOS_DEPLOYMENT_TARGET = 7.1;
				LD_RUNPATH_SEARCH_PATHS = "$(inherited) @executable_path/Frameworks";
				PRODUCT_NAME = "$(TARGET_NAME)";
			};
			name = Debug;
		};
		9DB5C27C19F50F81008DEAFA /* Release */ = {
			isa = XCBuildConfiguration;
			buildSettings = {
				ASSETCATALOG_COMPILER_APPICON_NAME = AppIcon;
				INFOPLIST_FILE = SelfHouseAssistant/Info.plist;
				IPHONEOS_DEPLOYMENT_TARGET = 7.1;
				LD_RUNPATH_SEARCH_PATHS = "$(inherited) @executable_path/Frameworks";
				PRODUCT_NAME = "$(TARGET_NAME)";
			};
			name = Release;
		};
		9DB5C27E19F50F81008DEAFA /* Debug */ = {
			isa = XCBuildConfiguration;
			buildSettings = {
				BUNDLE_LOADER = "$(TEST_HOST)";
				FRAMEWORK_SEARCH_PATHS = (
					"$(SDKROOT)/Developer/Library/Frameworks",
					"$(inherited)",
				);
				GCC_PREPROCESSOR_DEFINITIONS = (
					"DEBUG=1",
					"$(inherited)",
				);
				INFOPLIST_FILE = SelfHouseAssistantTests/Info.plist;
				LD_RUNPATH_SEARCH_PATHS = "$(inherited) @executable_path/Frameworks @loader_path/Frameworks";
				PRODUCT_NAME = "$(TARGET_NAME)";
				TEST_HOST = "$(BUILT_PRODUCTS_DIR)/SelfHouseAssistant.app/SelfHouseAssistant";
			};
			name = Debug;
		};
		9DB5C27F19F50F81008DEAFA /* Release */ = {
			isa = XCBuildConfiguration;
			buildSettings = {
				BUNDLE_LOADER = "$(TEST_HOST)";
				FRAMEWORK_SEARCH_PATHS = (
					"$(SDKROOT)/Developer/Library/Frameworks",
					"$(inherited)",
				);
				INFOPLIST_FILE = SelfHouseAssistantTests/Info.plist;
				LD_RUNPATH_SEARCH_PATHS = "$(inherited) @executable_path/Frameworks @loader_path/Frameworks";
				PRODUCT_NAME = "$(TARGET_NAME)";
				TEST_HOST = "$(BUILT_PRODUCTS_DIR)/SelfHouseAssistant.app/SelfHouseAssistant";
			};
			name = Release;
		};
/* End XCBuildConfiguration section */

/* Begin XCConfigurationList section */
		9DB5C25219F50F81008DEAFA /* Build configuration list for PBXProject "SelfHouseAssistant" */ = {
			isa = XCConfigurationList;
			buildConfigurations = (
				9DB5C27819F50F81008DEAFA /* Debug */,
				9DB5C27919F50F81008DEAFA /* Release */,
			);
			defaultConfigurationIsVisible = 0;
			defaultConfigurationName = Release;
		};
		9DB5C27A19F50F81008DEAFA /* Build configuration list for PBXNativeTarget "SelfHouseAssistant" */ = {
			isa = XCConfigurationList;
			buildConfigurations = (
				9DB5C27B19F50F81008DEAFA /* Debug */,
				9DB5C27C19F50F81008DEAFA /* Release */,
			);
			defaultConfigurationIsVisible = 0;
			defaultConfigurationName = Release;
		};
		9DB5C27D19F50F81008DEAFA /* Build configuration list for PBXNativeTarget "SelfHouseAssistantTests" */ = {
			isa = XCConfigurationList;
			buildConfigurations = (
				9DB5C27E19F50F81008DEAFA /* Debug */,
				9DB5C27F19F50F81008DEAFA /* Release */,
			);
			defaultConfigurationIsVisible = 0;
			defaultConfigurationName = Release;
		};
/* End XCConfigurationList section */
	};
	rootObject = 9DB5C24F19F50F81008DEAFA /* Project object */;
}
